// !$*UTF8*$!
{
	archiveVersion = 1;
	classes = {
	};
	objectVersion = 50;
	objects = {

/* Begin PBXBuildFile section */
		EC359C612F9291F6009A450F /* ArtTraceApp.swift in Sources */ = {isa = PBXBuildFile; fileRef = EC359C602F9291F6009A450F /* ArtTraceApp.swift */; };
		EC359C632F9291F6009A450F /* ContentView.swift in Sources */ = {isa = PBXBuildFile; fileRef = EC359C622F9291F6009A450F /* ContentView.swift */; };
		EC359C652F9291F9009A450F /* Assets.xcassets in Resources */ = {isa = PBXBuildFile; fileRef = EC359C642F9291F9009A450F /* Assets.xcassets */; };
		EC359C682F9291F9009A450F /* Preview Assets.xcassets in Resources */ = {isa = PBXBuildFile; fileRef = EC359C672F9291F9009A450F /* Preview Assets.xcassets */; };
		EC359C732F9291F9009A450F /* ArtTraceTests.swift in Sources */ = {isa = PBXBuildFile; fileRef = EC359C722F9291F9009A450F /* ArtTraceTests.swift */; };
		EC359C7E2F9291F9009A450F /* ArtTraceUITests.swift in Sources */ = {isa = PBXBuildFile; fileRef = EC359C7D2F9291F9009A450F /* ArtTraceUITests.swift */; };
		EC359C8C2F9293B1009A450F /* ImagePicker.swift in Sources */ = {isa = PBXBuildFile; fileRef = EC359C8B2F9293B1009A450F /* ImagePicker.swift */; };
/* End PBXBuildFile section */

/* Begin PBXContainerItemProxy section */
		EC359C6F2F9291F9009A450F /* PBXContainerItemProxy */ = {
			isa = PBXContainerItemProxy;
			containerPortal = EC359C552F9291F6009A450F /* Project object */;
			proxyType = 1;
			remoteGlobalIDString = EC359C5C2F9291F6009A450F;
			remoteInfo = ArtTrace;
		};
		EC359C7A2F9291F9009A450F /* PBXContainerItemProxy */ = {
			isa = PBXContainerItemProxy;
			containerPortal = EC359C552F9291F6009A450F /* Project object */;
			proxyType = 1;
			remoteGlobalIDString = EC359C5C2F9291F6009A450F;
			remoteInfo = ArtTrace;
		};
/* End PBXContainerItemProxy section */

/* Begin PBXFileReference section */
		EC359C5D2F9291F6009A450F /* ArtTrace.app */ = {isa = PBXFileReference; explicitFileType = wrapper.application; includeInIndex = 0; path = ArtTrace.app; sourceTree = BUILT_PRODUCTS_DIR; };
		EC359C602F9291F6009A450F /* ArtTraceApp.swift */ = {isa = PBXFileReference; lastKnownFileType = sourcecode.swift; path = ArtTraceApp.swift; sourceTree = "<group>"; };
		EC359C622F9291F6009A450F /* ContentView.swift */ = {isa = PBXFileReference; lastKnownFileType = sourcecode.swift; path = ContentView.swift; sourceTree = "<group>"; };
		EC359C642F9291F9009A450F /* Assets.xcassets */ = {isa = PBXFileReference; lastKnownFileType = folder.assetcatalog; path = Assets.xcassets; sourceTree = "<group>"; };
		EC359C672F9291F9009A450F /* Preview Assets.xcassets */ = {isa = PBXFileReference; lastKnownFileType = folder.assetcatalog; path = "Preview Assets.xcassets"; sourceTree = "<group>"; };
		EC359C692F9291F9009A450F /* Info.plist */ = {isa = PBXFileReference; lastKnownFileType = text.plist.xml; path = Info.plist; sourceTree = "<group>"; };
		EC359C6E2F9291F9009A450F /* ArtTraceTests.xctest */ = {isa = PBXFileReference; explicitFileType = wrapper.cfbundle; includeInIndex = 0; path = ArtTraceTests.xctest; sourceTree = BUILT_PRODUCTS_DIR; };
		EC359C722F9291F9009A450F /* ArtTraceTests.swift */ = {isa = PBXFileReference; lastKnownFileType = sourcecode.swift; path = ArtTraceTests.swift; sourceTree = "<group>"; };
		EC359C742F9291F9009A450F /* Info.plist */ = {isa = PBXFileReference; lastKnownFileType = text.plist.xml; path = Info.plist; sourceTree = "<group>"; };
		EC359C792F9291F9009A450F /* ArtTraceUITests.xctest */ = {isa = PBXFileReference; explicitFileType = wrapper.cfbundle; includeInIndex = 0; path = ArtTraceUITests.xctest; sourceTree = BUILT_PRODUCTS_DIR; };
		EC359C7D2F9291F9009A450F /* ArtTraceUITests.swift */ = {isa = PBXFileReference; lastKnownFileType = sourcecode.swift; path = ArtTraceUITests.swift; sourceTree = "<group>"; };
		EC359C7F2F9291F9009A450F /* Info.plist */ = {isa = PBXFileReference; lastKnownFileType = text.plist.xml; path = Info.plist; sourceTree = "<group>"; };
		EC359C8B2F9293B1009A450F /* ImagePicker.swift */ = {isa = PBXFileReference; lastKnownFileType = sourcecode.swift; path = ImagePicker.swift; sourceTree = "<group>"; };
/* End PBXFileReference section */

/* Begin PBXFrameworksBuildPhase section */
		EC359C5A2F9291F6009A450F /* Frameworks */ = {
			isa = PBXFrameworksBuildPhase;
			buildActionMask = 2147483647;
			files = (
			);
			runOnlyForDeploymentPostprocessing = 0;
		};
		EC359C6B2F9291F9009A450F /* Frameworks */ = {
			isa = PBXFrameworksBuildPhase;
			buildActionMask = 2147483647;
			files = (
			);
			runOnlyForDeploymentPostprocessing = 0;
		};
		EC359C762F9291F9009A450F /* Frameworks */ = {
			isa = PBXFrameworksBuildPhase;
			buildActionMask = 2147483647;
			files = (
			);
			runOnlyForDeploymentPostprocessing = 0;
		};
/* End PBXFrameworksBuildPhase section */

/* Begin PBXGroup section */
		EC359C542F9291F6009A450F = {
			isa = PBXGroup;
			children = (
				EC359C5F2F9291F6009A450F /* ArtTrace */,
				EC359C712F9291F9009A450F /* ArtTraceTests */,
				EC359C7C2F9291F9009A450F /* ArtTraceUITests */,
				EC359C5E2F9291F6009A450F /* Products */,
			);
			sourceTree = "<group>";
		};
		EC359C5E2F9291F6009A450F /* Products */ = {
			isa = PBXGroup;
			children = (
				EC359C5D2F9291F6009A450F /* ArtTrace.app */,
				EC359C6E2F9291F9009A450F /* ArtTraceTests.xctest */,
				EC359C792F9291F9009A450F /* ArtTraceUITests.xctest */,
			);
			name = Products;
			sourceTree = "<group>";
		};
		EC359C5F2F9291F6009A450F /* ArtTrace */ = {
			isa = PBXGroup;
			children = (
				EC359C602F9291F6009A450F /* ArtTraceApp.swift */,
				EC359C622F9291F6009A450F /* ContentView.swift */,
				EC359C8B2F9293B1009A450F /* ImagePicker.swift */,
				EC359C642F9291F9009A450F /* Assets.xcassets */,
				EC359C692F9291F9009A450F /* Info.plist */,
				EC359C662F9291F9009A450F /* Preview Content */,
			);
			path = ArtTrace;
			sourceTree = "<group>";
		};
		EC359C662F9291F9009A450F /* Preview Content */ = {
			isa = PBXGroup;
			children = (
				EC359C672F9291F9009A450F /* Preview Assets.xcassets */,
			);
			path = "Preview Content";
			sourceTree = "<group>";
		};
		EC359C712F9291F9009A450F /* ArtTraceTests */ = {
			isa = PBXGroup;
			children = (
				EC359C722F9291F9009A450F /* ArtTraceTests.swift */,
				EC359C742F9291F9009A450F /* Info.plist */,
			);
			path = ArtTraceTests;
			sourceTree = "<group>";
		};
		EC359C7C2F9291F9009A450F /* ArtTraceUITests */ = {
			isa = PBXGroup;
			children = (
				EC359C7D2F9291F9009A450F /* ArtTraceUITests.swift */,
				EC359C7F2F9291F9009A450F /* Info.plist */,
			);
			path = ArtTraceUITests;
			sourceTree = "<group>";
		};
/* End PBXGroup section */

/* Begin PBXNativeTarget section */
		EC359C5C2F9291F6009A450F /* ArtTrace */ = {
			isa = PBXNativeTarget;
			buildConfigurationList = EC359C822F9291F9009A450F /* Build configuration list for PBXNativeTarget "ArtTrace" */;
			buildPhases = (
				EC359C592F9291F6009A450F /* Sources */,
				EC359C5A2F9291F6009A450F /* Frameworks */,
				EC359C5B2F9291F6009A450F /* Resources */,
			);
			buildRules = (
			);
			dependencies = (
			);
			name = ArtTrace;
			productName = ArtTrace;
			productReference = EC359C5D2F9291F6009A450F /* ArtTrace.app */;
			productType = "com.apple.product-type.application";
		};
		EC359C6D2F9291F9009A450F /* ArtTraceTests */ = {
			isa = PBXNativeTarget;
			buildConfigurationList = EC359C852F9291F9009A450F /* Build configuration list for PBXNativeTarget "ArtTraceTests" */;
			buildPhases = (
				EC359C6A2F9291F9009A450F /* Sources */,
				EC359C6B2F9291F9009A450F /* Frameworks */,
				EC359C6C2F9291F9009A450F /* Resources */,
			);
			buildRules = (
			);
			dependencies = (
				EC359C702F9291F9009A450F /* PBXTargetDependency */,
			);
			name = ArtTraceTests;
			productName = ArtTraceTests;
			productReference = EC359C6E2F9291F9009A450F /* ArtTraceTests.xctest */;
			productType = "com.apple.product-type.bundle.unit-test";
		};
		EC359C782F9291F9009A450F /* ArtTraceUITests */ = {
			isa = PBXNativeTarget;
			buildConfigurationList = EC359C882F9291F9009A450F /* Build configuration list for PBXNativeTarget "ArtTraceUITests" */;
			buildPhases = (
				EC359C752F9291F9009A450F /* Sources */,
				EC359C762F9291F9009A450F /* Frameworks */,
				EC359C772F9291F9009A450F /* Resources */,
			);
			buildRules = (
			);
			dependencies = (
				EC359C7B2F9291F9009A450F /* PBXTargetDependency */,
			);
			name = ArtTraceUITests;
			productName = ArtTraceUITests;
			productReference = EC359C792F9291F9009A450F /* ArtTraceUITests.xctest */;
			productType = "com.apple.product-type.bundle.ui-testing";
		};
/* End PBXNativeTarget section */

/* Begin PBXProject section */
		EC359C552F9291F6009A450F /* Project object */ = {
			isa = PBXProject;
			attributes = {
				LastSwiftUpdateCheck = 1250;
				LastUpgradeCheck = 1250;
				TargetAttributes = {
					EC359C5C2F9291F6009A450F = {
						CreatedOnToolsVersion = 12.5;
					};
					EC359C6D2F9291F9009A450F = {
						CreatedOnToolsVersion = 12.5;
						TestTargetID = EC359C5C2F9291F6009A450F;
					};
					EC359C782F9291F9009A450F = {
						CreatedOnToolsVersion = 12.5;
						TestTargetID = EC359C5C2F9291F6009A450F;
					};
				};
			};
			buildConfigurationList = EC359C582F9291F6009A450F /* Build configuration list for PBXProject "ArtTrace" */;
			compatibilityVersion = "Xcode 9.3";
			developmentRegion = en;
			hasScannedForEncodings = 0;
			knownRegions = (
				en,
				Base,
			);
			mainGroup = EC359C542F9291F6009A450F;
			productRefGroup = EC359C5E2F9291F6009A450F /* Products */;
			projectDirPath = "";
			projectRoot = "";
			targets = (
				EC359C5C2F9291F6009A450F /* ArtTrace */,
				EC359C6D2F9291F9009A450F /* ArtTraceTests */,
				EC359C782F9291F9009A450F /* ArtTraceUITests */,
			);
		};
/* End PBXProject section */

/* Begin PBXResourcesBuildPhase section */
		EC359C5B2F9291F6009A450F /* Resources */ = {
			isa = PBXResourcesBuildPhase;
			buildActionMask = 2147483647;
			files = (
				EC359C682F9291F9009A450F /* Preview Assets.xcassets in Resources */,
				EC359C652F9291F9009A450F /* Assets.xcassets in Resources */,
			);
			runOnlyForDeploymentPostprocessing = 0;
		};
		EC359C6C2F9291F9009A450F /* Resources */ = {
			isa = PBXResourcesBuildPhase;
			buildActionMask = 2147483647;
			files = (
			);
			runOnlyForDeploymentPostprocessing = 0;
		};
		EC359C772F9291F9009A450F /* Resources */ = {
			isa = PBXResourcesBuildPhase;
			buildActionMask = 2147483647;
			files = (
			);
			runOnlyForDeploymentPostprocessing = 0;
		};
/* End PBXResourcesBuildPhase section */

/* Begin PBXSourcesBuildPhase section */
		EC359C592F9291F6009A450F /* Sources */ = {
			isa = PBXSourcesBuildPhase;
			buildActionMask = 2147483647;
			files = (
				EC359C8C2F9293B1009A450F /* ImagePicker.swift in Sources */,
				EC359C632F9291F6009A450F /* ContentView.swift in Sources */,
				EC359C612F9291F6009A450F /* ArtTraceApp.swift in Sources */,
			);
			runOnlyForDeploymentPostprocessing = 0;
		};
		EC359C6A2F9291F9009A450F /* Sources */ = {
			isa = PBXSourcesBuildPhase;
			buildActionMask = 2147483647;
			files = (
				EC359C732F9291F9009A450F /* ArtTraceTests.swift in Sources */,
			);
			runOnlyForDeploymentPostprocessing = 0;
		};
		EC359C752F9291F9009A450F /* Sources */ = {
			isa = PBXSourcesBuildPhase;
			buildActionMask = 2147483647;
			files = (
				EC359C7E2F9291F9009A450F /* ArtTraceUITests.swift in Sources */,
			);
			runOnlyForDeploymentPostprocessing = 0;
		};
/* End PBXSourcesBuildPhase section */

/* Begin PBXTargetDependency section */
		EC359C702F9291F9009A450F /* PBXTargetDependency */ = {
			isa = PBXTargetDependency;
			target = EC359C5C2F9291F6009A450F /* ArtTrace */;
			targetProxy = EC359C6F2F9291F9009A450F /* PBXContainerItemProxy */;
		};
		EC359C7B2F9291F9009A450F /* PBXTargetDependency */ = {
			isa = PBXTargetDependency;
			target = EC359C5C2F9291F6009A450F /* ArtTrace */;
			targetProxy = EC359C7A2F9291F9009A450F /* PBXContainerItemProxy */;
		};
/* End PBXTargetDependency section */

/* Begin XCBuildConfiguration section */
		EC359C802F9291F9009A450F /* Debug */ = {
			isa = XCBuildConfiguration;
			buildSettings = {
				ALWAYS_SEARCH_USER_PATHS = NO;
				CLANG_ANALYZER_NONNULL = YES;
				CLANG_ANALYZER_NUMBER_OBJECT_CONVERSION = YES_AGGRESSIVE;
				CLANG_CXX_LANGUAGE_STANDARD = "gnu++14";
				CLANG_CXX_LIBRARY = "libc++";
				CLANG_ENABLE_MODULES = YES;
				CLANG_ENABLE_OBJC_ARC = YES;
				CLANG_ENABLE_OBJC_WEAK = YES;
				CLANG_WARN_BLOCK_CAPTURE_AUTORELEASING = YES;
				CLANG_WARN_BOOL_CONVERSION = YES;
				CLANG_WARN_COMMA = YES;
				CLANG_WARN_CONSTANT_CONVERSION = YES;
				CLANG_WARN_DEPRECATED_OBJC_IMPLEMENTATIONS = YES;
				CLANG_WARN_DIRECT_OBJC_ISA_USAGE = YES_ERROR;
				CLANG_WARN_DOCUMENTATION_COMMENTS = YES;
				CLANG_WARN_EMPTY_BODY = YES;
				CLANG_WARN_ENUM_CONVERSION = YES;
				CLANG_WARN_INFINITE_RECURSION = YES;
				CLANG_WARN_INT_CONVERSION = YES;
				CLANG_WARN_NON_LITERAL_NULL_CONVERSION = YES;
				CLANG_WARN_OBJC_IMPLICIT_RETAIN_SELF = YES;
				CLANG_WARN_OBJC_LITERAL_CONVERSION = YES;
				CLANG_WARN_OBJC_ROOT_CLASS = YES_ERROR;
				CLANG_WARN_QUOTED_INCLUDE_IN_FRAMEWORK_HEADER = YES;
				CLANG_WARN_RANGE_LOOP_ANALYSIS = YES;
				CLANG_WARN_STRICT_PROTOTYPES = YES;
				CLANG_WARN_SUSPICIOUS_MOVE = YES;
				CLANG_WARN_UNGUARDED_AVAILABILITY = YES_AGGRESSIVE;
				CLANG_WARN_UNREACHABLE_CODE = YES;
				CLANG_WARN__DUPLICATE_METHOD_MATCH = YES;
				COPY_PHASE_STRIP = NO;
				DEBUG_INFORMATION_FORMAT = dwarf;
				ENABLE_STRICT_OBJC_MSGSEND = YES;
				ENABLE_TESTABILITY = YES;
				GCC_C_LANGUAGE_STANDARD = gnu11;
				GCC_DYNAMIC_NO_PIC = NO;
				GCC_NO_COMMON_BLOCKS = YES;
				GCC_OPTIMIZATION_LEVEL = 0;
				GCC_PREPROCESSOR_DEFINITIONS = (
					"DEBUG=1",
					"$(inherited)",
				);
				GCC_WARN_64_TO_32_BIT_CONVERSION = YES;
				GCC_WARN_ABOUT_RETURN_TYPE = YES_ERROR;
				GCC_WARN_UNDECLARED_SELECTOR = YES;
				GCC_WARN_UNINITIALIZED_AUTOS = YES_AGGRESSIVE;
				GCC_WARN_UNUSED_FUNCTION = YES;
				GCC_WARN_UNUSED_VARIABLE = YES;
				IPHONEOS_DEPLOYMENT_TARGET = 14.5;
				MTL_ENABLE_DEBUG_INFO = INCLUDE_SOURCE;
				MTL_FAST_MATH = YES;
				ONLY_ACTIVE_ARCH = YES;
				SDKROOT = iphoneos;
				SWIFT_ACTIVE_COMPILATION_CONDITIONS = DEBUG;
				SWIFT_OPTIMIZATION_LEVEL = "-Onone";
			};
			name = Debug;
		};
		EC359C812F9291F9009A450F /* Release */ = {
			isa = XCBuildConfiguration;
			buildSettings = {
				ALWAYS_SEARCH_USER_PATHS = NO;
				CLANG_ANALYZER_NONNULL = YES;
				CLANG_ANALYZER_NUMBER_OBJECT_CONVERSION = YES_AGGRESSIVE;
				CLANG_CXX_LANGUAGE_STANDARD = "gnu++14";
				CLANG_CXX_LIBRARY = "libc++";
				CLANG_ENABLE_MODULES = YES;
				CLANG_ENABLE_OBJC_ARC = YES;
				CLANG_ENABLE_OBJC_WEAK = YES;
				CLANG_WARN_BLOCK_CAPTURE_AUTORELEASING = YES;
				CLANG_WARN_BOOL_CONVERSION = YES;
				CLANG_WARN_COMMA = YES;
				CLANG_WARN_CONSTANT_CONVERSION = YES;
				CLANG_WARN_DEPRECATED_OBJC_IMPLEMENTATIONS = YES;
				CLANG_WARN_DIRECT_OBJC_ISA_USAGE = YES_ERROR;
				CLANG_WARN_DOCUMENTATION_COMMENTS = YES;
				CLANG_WARN_EMPTY_BODY = YES;
				CLANG_WARN_ENUM_CONVERSION = YES;
				CLANG_WARN_INFINITE_RECURSION = YES;
				CLANG_WARN_INT_CONVERSION = YES;
				CLANG_WARN_NON_LITERAL_NULL_CONVERSION = YES;
				CLANG_WARN_OBJC_IMPLICIT_RETAIN_SELF = YES;
				CLANG_WARN_OBJC_LITERAL_CONVERSION = YES;
				CLANG_WARN_OBJC_ROOT_CLASS = YES_ERROR;
				CLANG_WARN_QUOTED_INCLUDE_IN_FRAMEWORK_HEADER = YES;
				CLANG_WARN_RANGE_LOOP_ANALYSIS = YES;
				CLANG_WARN_STRICT_PROTOTYPES = YES;
				CLANG_WARN_SUSPICIOUS_MOVE = YES;
				CLANG_WARN_UNGUARDED_AVAILABILITY = YES_AGGRESSIVE;
				CLANG_WARN_UNREACHABLE_CODE = YES;
				CLANG_WARN__DUPLICATE_METHOD_MATCH = YES;
				COPY_PHASE_STRIP = NO;
				DEBUG_INFORMATION_FORMAT = "dwarf-with-dsym";
				ENABLE_NS_ASSERTIONS = NO;
				ENABLE_STRICT_OBJC_MSGSEND = YES;
				GCC_C_LANGUAGE_STANDARD = gnu11;
				GCC_NO_COMMON_BLOCKS = YES;
				GCC_WARN_64_TO_32_BIT_CONVERSION = YES;
				GCC_WARN_ABOUT_RETURN_TYPE = YES_ERROR;
				GCC_WARN_UNDECLARED_SELECTOR = YES;
				GCC_WARN_UNINITIALIZED_AUTOS = YES_AGGRESSIVE;
				GCC_WARN_UNUSED_FUNCTION = YES;
				GCC_WARN_UNUSED_VARIABLE = YES;
				IPHONEOS_DEPLOYMENT_TARGET = 14.5;
				MTL_ENABLE_DEBUG_INFO = NO;
				MTL_FAST_MATH = YES;
				SDKROOT = iphoneos;
				SWIFT_COMPILATION_MODE = wholemodule;
				SWIFT_OPTIMIZATION_LEVEL = "-O";
				VALIDATE_PRODUCT = YES;
			};
			name = Release;
		};
		EC359C832F9291F9009A450F /* Debug */ = {
			isa = XCBuildConfiguration;
			buildSettings = {
				ASSETCATALOG_COMPILER_APPICON_NAME = AppIcon;
				ASSETCATALOG_COMPILER_GLOBAL_ACCENT_COLOR_NAME = AccentColor;
				CODE_SIGN_STYLE = Automatic;
				DEVELOPMENT_ASSET_PATHS = "\"ArtTrace/Preview Content\"";
				DEVELOPMENT_TEAM = ZCVBNTZYS7;
				ENABLE_PREVIEWS = YES;
				INFOPLIST_FILE = ArtTrace/Info.plist;
				IPHONEOS_DEPLOYMENT_TARGET = 14.0;
				LD_RUNPATH_SEARCH_PATHS = (
					"$(inherited)",
					"@executable_path/Frameworks",
				);
				PRODUCT_BUNDLE_IDENTIFIER = test.ArtTrace;
				PRODUCT_NAME = "$(TARGET_NAME)";
				SWIFT_VERSION = 5.0;
				TARGETED_DEVICE_FAMILY = "1,2";
			};
			name = Debug;
		};
		EC359C842F9291F9009A450F /* Release */ = {
			isa = XCBuildConfiguration;
			buildSettings = {
				ASSETCATALOG_COMPILER_APPICON_NAME = AppIcon;
				ASSETCATALOG_COMPILER_GLOBAL_ACCENT_COLOR_NAME = AccentColor;
				CODE_SIGN_STYLE = Automatic;
				DEVELOPMENT_ASSET_PATHS = "\"ArtTrace/Preview Content\"";
				DEVELOPMENT_TEAM = ZCVBNTZYS7;
				ENABLE_PREVIEWS = YES;
				INFOPLIST_FILE = ArtTrace/Info.plist;
				IPHONEOS_DEPLOYMENT_TARGET = 14.0;
				LD_RUNPATH_SEARCH_PATHS = (
					"$(inherited)",
					"@executable_path/Frameworks",
				);
				PRODUCT_BUNDLE_IDENTIFIER = test.ArtTrace;
				PRODUCT_NAME = "$(TARGET_NAME)";
				SWIFT_VERSION = 5.0;
				TARGETED_DEVICE_FAMILY = "1,2";
			};
			name = Release;
		};
		EC359C862F9291F9009A450F /* Debug */ = {
			isa = XCBuildConfiguration;
			buildSettings = {
				ALWAYS_EMBED_SWIFT_STANDARD_LIBRARIES = YES;
				BUNDLE_LOADER = "$(TEST_HOST)";
				CODE_SIGN_STYLE = Automatic;
				INFOPLIST_FILE = ArtTraceTests/Info.plist;
				IPHONEOS_DEPLOYMENT_TARGET = 14.0;
				LD_RUNPATH_SEARCH_PATHS = (
					"$(inherited)",
					"@executable_path/Frameworks",
					"@loader_path/Frameworks",
				);
				PRODUCT_BUNDLE_IDENTIFIER = test.ArtTraceTests;
				PRODUCT_NAME = "$(TARGET_NAME)";
				SWIFT_VERSION = 5.0;
				TARGETED_DEVICE_FAMILY = "1,2";
				TEST_HOST = "$(BUILT_PRODUCTS_DIR)/ArtTrace.app/ArtTrace";
			};
			name = Debug;
		};
		EC359C872F9291F9009A450F /* Release */ = {
			isa = XCBuildConfiguration;
			buildSettings = {
				ALWAYS_EMBED_SWIFT_STANDARD_LIBRARIES = YES;
				BUNDLE_LOADER = "$(TEST_HOST)";
				CODE_SIGN_STYLE = Automatic;
				INFOPLIST_FILE = ArtTraceTests/Info.plist;
				IPHONEOS_DEPLOYMENT_TARGET = 14.0;
				LD_RUNPATH_SEARCH_PATHS = (
					"$(inherited)",
					"@executable_path/Frameworks",
					"@loader_path/Frameworks",
				);
				PRODUCT_BUNDLE_IDENTIFIER = test.ArtTraceTests;
				PRODUCT_NAME = "$(TARGET_NAME)";
				SWIFT_VERSION = 5.0;
				TARGETED_DEVICE_FAMILY = "1,2";
				TEST_HOST = "$(BUILT_PRODUCTS_DIR)/ArtTrace.app/ArtTrace";
			};
			name = Release;
		};
		EC359C892F9291F9009A450F /* Debug */ = {
			isa = XCBuildConfiguration;
			buildSettings = {
				ALWAYS_EMBED_SWIFT_STANDARD_LIBRARIES = YES;
				CODE_SIGN_STYLE = Automatic;
				INFOPLIST_FILE = ArtTraceUITests/Info.plist;
				LD_RUNPATH_SEARCH_PATHS = (
					"$(inherited)",
					"@executable_path/Frameworks",
					"@loader_path/Frameworks",
				);
				PRODUCT_BUNDLE_IDENTIFIER = test.ArtTraceUITests;
				PRODUCT_NAME = "$(TARGET_NAME)";
				SWIFT_VERSION = 5.0;
				TARGETED_DEVICE_FAMILY = "1,2";
				TEST_TARGET_NAME = ArtTrace;
			};
			name = Debug;
		};
		EC359C8A2F9291F9009A450F /* Release */ = {
			isa = XCBuildConfiguration;
			buildSettings = {
				ALWAYS_EMBED_SWIFT_STANDARD_LIBRARIES = YES;
				CODE_SIGN_STYLE = Automatic;
				INFOPLIST_FILE = ArtTraceUITests/Info.plist;
				LD_RUNPATH_SEARCH_PATHS = (
					"$(inherited)",
					"@executable_path/Frameworks",
					"@loader_path/Frameworks",
				);
				PRODUCT_BUNDLE_IDENTIFIER = test.ArtTraceUITests;
				PRODUCT_NAME = "$(TARGET_NAME)";
				SWIFT_VERSION = 5.0;
				TARGETED_DEVICE_FAMILY = "1,2";
				TEST_TARGET_NAME = ArtTrace;
			};
			name = Release;
		};
/* End XCBuildConfiguration section */

/* Begin XCConfigurationList section */
		EC359C582F9291F6009A450F /* Build configuration list for PBXProject "ArtTrace" */ = {
			isa = XCConfigurationList;
			buildConfigurations = (
				EC359C802F9291F9009A450F /* Debug */,
				EC359C812F9291F9009A450F /* Release */,
			);
			defaultConfigurationIsVisible = 0;
			defaultConfigurationName = Release;
		};
		EC359C822F9291F9009A450F /* Build configuration list for PBXNativeTarget "ArtTrace" */ = {
			isa = XCConfigurationList;
			buildConfigurations = (
				EC359C832F9291F9009A450F /* Debug */,
				EC359C842F9291F9009A450F /* Release */,
			);
			defaultConfigurationIsVisible = 0;
			defaultConfigurationName = Release;
		};
		EC359C852F9291F9009A450F /* Build configuration list for PBXNativeTarget "ArtTraceTests" */ = {
			isa = XCConfigurationList;
			buildConfigurations = (
				EC359C862F9291F9009A450F /* Debug */,
				EC359C872F9291F9009A450F /* Release */,
			);
			defaultConfigurationIsVisible = 0;
			defaultConfigurationName = Release;
		};
		EC359C882F9291F9009A450F /* Build configuration list for PBXNativeTarget "ArtTraceUITests" */ = {
			isa = XCConfigurationList;
			buildConfigurations = (
				EC359C892F9291F9009A450F /* Debug */,
				EC359C8A2F9291F9009A450F /* Release */,
			);
			defaultConfigurationIsVisible = 0;
			defaultConfigurationName = Release;
		};
/* End XCConfigurationList section */
	};
	rootObject = EC359C552F9291F6009A450F /* Project object */;
}
